// !$*UTF8*$!
{
	archiveVersion = 1;
	classes = {
	};
	objectVersion = 46;
	objects = {

/* Begin PBXBuildFile section */
		3A286CB71DF15078002CEEE8 /* AppDelegate.swift in Sources */ = {isa = PBXBuildFile; fileRef = 3A286CB61DF15078002CEEE8 /* AppDelegate.swift */; };
		3A286CB91DF15078002CEEE8 /* ViewController.swift in Sources */ = {isa = PBXBuildFile; fileRef = 3A286CB81DF15078002CEEE8 /* ViewController.swift */; };
		3A286CBC1DF15078002CEEE8 /* Main.storyboard in Resources */ = {isa = PBXBuildFile; fileRef = 3A286CBA1DF15078002CEEE8 /* Main.storyboard */; };
		3A286CBE1DF15078002CEEE8 /* Assets.xcassets in Resources */ = {isa = PBXBuildFile; fileRef = 3A286CBD1DF15078002CEEE8 /* Assets.xcassets */; };
		3A286CC11DF15078002CEEE8 /* LaunchScreen.storyboard in Resources */ = {isa = PBXBuildFile; fileRef = 3A286CBF1DF15078002CEEE8 /* LaunchScreen.storyboard */; };
/* End PBXBuildFile section */

/* Begin PBXFileReference section */
		3A286CB31DF15078002CEEE8 /* MingLive.app */ = {isa = PBXFileReference; explicitFileType = wrapper.application; includeInIndex = 0; path = MingLive.app; sourceTree = BUILT_PRODUCTS_DIR; };
		3A286CB61DF15078002CEEE8 /* AppDelegate.swift */ = {isa = PBXFileReference; lastKnownFileType = sourcecode.swift; path = AppDelegate.swift; sourceTree = "<group>"; };
		3A286CB81DF15078002CEEE8 /* ViewController.swift */ = {isa = PBXFileReference; lastKnownFileType = sourcecode.swift; path = ViewController.swift; sourceTree = "<group>"; };
		3A286CBB1DF15078002CEEE8 /* Base */ = {isa = PBXFileReference; lastKnownFileType = file.storyboard; name = Base; path = Base.lproj/Main.storyboard; sourceTree = "<group>"; };
		3A286CBD1DF15078002CEEE8 /* Assets.xcassets */ = {isa = PBXFileReference; lastKnownFileType = folder.assetcatalog; path = Assets.xcassets; sourceTree = "<group>"; };
		3A286CC01DF15078002CEEE8 /* Base */ = {isa = PBXFileReference; lastKnownFileType = file.storyboard; name = Base; path = Base.lproj/LaunchScreen.storyboard; sourceTree = "<group>"; };
		3A286CC21DF15078002CEEE8 /* Info.plist */ = {isa = PBXFileReference; lastKnownFileType = text.plist.xml; path = Info.plist; sourceTree = "<group>"; };
/* End PBXFileReference section */

/* Begin PBXFrameworksBuildPhase section */
		3A286CB01DF15078002CEEE8 /* Frameworks */ = {
			isa = PBXFrameworksBuildPhase;
			buildActionMask = 2147483647;
			files = (
			);
			runOnlyForDeploymentPostprocessing = 0;
		};
/* End PBXFrameworksBuildPhase section */

/* Begin PBXGroup section */
		3A286CAA1DF15077002CEEE8 = {
			isa = PBXGroup;
			children = (
				3A286CB51DF15078002CEEE8 /* MingLive */,
				3A286CB41DF15078002CEEE8 /* Products */,
			);
			sourceTree = "<group>";
		};
		3A286CB41DF15078002CEEE8 /* Products */ = {
			isa = PBXGroup;
			children = (
				3A286CB31DF15078002CEEE8 /* MingLive.app */,
			);
			name = Products;
			sourceTree = "<group>";
		};
		3A286CB51DF15078002CEEE8 /* MingLive */ = {
			isa = PBXGroup;
			children = (
				3A286CB61DF15078002CEEE8 /* AppDelegate.swift */,
				3A286CB81DF15078002CEEE8 /* ViewController.swift */,
				3A286CBA1DF15078002CEEE8 /* Main.storyboard */,
				3A286CBD1DF15078002CEEE8 /* Assets.xcassets */,
				3A286CBF1DF15078002CEEE8 /* LaunchScreen.storyboard */,
				3A286CC21DF15078002CEEE8 /* Info.plist */,
			);
			path = MingLive;
			sourceTree = "<group>";
		};
/* End PBXGroup section */

/* Begin PBXNativeTarget section */
		3A286CB21DF15078002CEEE8 /* MingLive */ = {
			isa = PBXNativeTarget;
			buildConfigurationList = 3A286CC51DF15078002CEEE8 /* Build configuration list for PBXNativeTarget "MingLive" */;
			buildPhases = (
				3A286CAF1DF15078002CEEE8 /* Sources */,
				3A286CB01DF15078002CEEE8 /* Frameworks */,
				3A286CB11DF15078002CEEE8 /* Resources */,
			);
			buildRules = (
			);
			dependencies = (
			);
			name = MingLive;
			productName = MingLive;
			productReference = 3A286CB31DF15078002CEEE8 /* MingLive.app */;
			productType = "com.apple.product-type.application";
		};
/* End PBXNativeTarget section */

/* Begin PBXProject section */
		3A286CAB1DF15077002CEEE8 /* Project object */ = {
			isa = PBXProject;
			attributes = {
				LastSwiftUpdateCheck = 0810;
				LastUpgradeCheck = 0810;
				ORGANIZATIONNAME = MaxM;
				TargetAttributes = {
					3A286CB21DF15078002CEEE8 = {
						CreatedOnToolsVersion = 8.1;
						DevelopmentTeam = KEXH7L5L4Z;
						ProvisioningStyle = Automatic;
					};
				};
			};
			buildConfigurationList = 3A286CAE1DF15077002CEEE8 /* Build configuration list for PBXProject "MingLive" */;
			compatibilityVersion = "Xcode 3.2";
			developmentRegion = English;
			hasScannedForEncodings = 0;
			knownRegions = (
				en,
				Base,
			);
			mainGroup = 3A286CAA1DF15077002CEEE8;
			productRefGroup = 3A286CB41DF15078002CEEE8 /* Products */;
			projectDirPath = "";
			projectRoot = "";
			targets = (
				3A286CB21DF15078002CEEE8 /* MingLive */,
			);
		};
/* End PBXProject section */

/* Begin PBXResourcesBuildPhase section */
		3A286CB11DF15078002CEEE8 /* Resources */ = {
			isa = PBXResourcesBuildPhase;
			buildActionMask = 2147483647;
			files = (
				3A286CC11DF15078002CEEE8 /* LaunchScreen.storyboard in Resources */,
				3A286CBE1DF15078002CEEE8 /* Assets.xcassets in Resources */,
				3A286CBC1DF15078002CEEE8 /* Main.storyboard in Resources */,
			);
			runOnlyForDeploymentPostprocessing = 0;
		};
/* End PBXResourcesBuildPhase section */

/* Begin PBXSourcesBuildPhase section */
		3A286CAF1DF15078002CEEE8 /* Sources */ = {
			isa = PBXSourcesBuildPhase;
			buildActionMask = 2147483647;
			files = (
				3A286CB91DF15078002CEEE8 /* ViewController.swift in Sources */,
				3A286CB71DF15078002CEEE8 /* AppDelegate.swift in Sources */,
			);
			runOnlyForDeploymentPostprocessing = 0;
		};
/* End PBXSourcesBuildPhase section */

/* Begin PBXVariantGroup section */
		3A286CBA1DF15078002CEEE8 /* Main.storyboard */ = {
			isa = PBXVariantGroup;
			children = (
				3A286CBB1DF15078002CEEE8 /* Base */,
			);
			name = Main.storyboard;
			sourceTree = "<group>";
		};
		3A286CBF1DF15078002CEEE8 /* LaunchScreen.storyboard */ = {
			isa = PBXVariantGroup;
			children = (
				3A286CC01DF15078002CEEE8 /* Base */,
			);
			name = LaunchScreen.storyboard;
			sourceTree = "<group>";
		};
/* End PBXVariantGroup section */

/* Begin XCBuildConfiguration section */
		3A286CC31DF15078002CEEE8 /* Debug */ = {
			isa = XCBuildConfiguration;
			buildSettings = {
				ALWAYS_SEARCH_USER_PATHS = NO;
				CLANG_ANALYZER_NONNULL = YES;
				CLANG_CXX_LANGUAGE_STANDARD = "gnu++0x";
				CLANG_CXX_LIBRARY = "libc++";
				CLANG_ENABLE_MODULES = YES;
				CLANG_ENABLE_OBJC_ARC = YES;
				CLANG_WARN_BOOL_CONVERSION = YES;
				CLANG_WARN_CONSTANT_CONVERSION = YES;
				CLANG_WARN_DIRECT_OBJC_ISA_USAGE = YES_ERROR;
				CLANG_WARN_DOCUMENTATION_COMMENTS = YES;
				CLANG_WARN_EMPTY_BODY = YES;
				CLANG_WARN_ENUM_CONVERSION = YES;
				CLANG_WARN_INFINITE_RECURSION = YES;
				CLANG_WARN_INT_CONVERSION = YES;
				CLANG_WARN_OBJC_ROOT_CLASS = YES_ERROR;
				CLANG_WARN_SUSPICIOUS_MOVES = YES;
				CLANG_WARN_UNREACHABLE_CODE = YES;
				CLANG_WARN__DUPLICATE_METHOD_MATCH = YES;
				"CODE_SIGN_IDENTITY[sdk=iphoneos*]" = "iPhone Developer";
				COPY_PHASE_STRIP = NO;
				DEBUG_INFORMATION_FORMAT = dwarf;
				ENABLE_STRICT_OBJC_MSGSEND = YES;
				ENABLE_TESTABILITY = YES;
				GCC_C_LANGUAGE_STANDARD = gnu99;
				GCC_DYNAMIC_NO_PIC = NO;
				GCC_NO_COMMON_BLOCKS = YES;
				GCC_OPTIMIZATION_LEVEL = 0;
				GCC_PREPROCESSOR_DEFINITIONS = (
					"DEBUG=1",
					"$(inherited)",
				);
				GCC_WARN_64_TO_32_BIT_CONVERSION = YES;
				GCC_WARN_ABOUT_RETURN_TYPE = YES_ERROR;
				GCC_WARN_UNDECLARED_SELECTOR = YES;
				GCC_WARN_UNINITIALIZED_AUTOS = YES_AGGRESSIVE;
				GCC_WARN_UNUSED_FUNCTION = YES;
				GCC_WARN_UNUSED_VARIABLE = YES;
				IPHONEOS_DEPLOYMENT_TARGET = 10.1;
				MTL_ENABLE_DEBUG_INFO = YES;
				ONLY_ACTIVE_ARCH = YES;
				SDKROOT = iphoneos;
				SWIFT_ACTIVE_COMPILATION_CONDITIONS = DEBUG;
				SWIFT_OPTIMIZATION_LEVEL = "-Onone";
			};
			name = Debug;
		};
		3A286CC41DF15078002CEEE8 /* Release */ = {
			isa = XCBuildConfiguration;
			buildSettings = {
				ALWAYS_SEARCH_USER_PATHS = NO;
				CLANG_ANALYZER_NONNULL = YES;
				CLANG_CXX_LANGUAGE_STANDARD = "gnu++0x";
				CLANG_CXX_LIBRARY = "libc++";
				CLANG_ENABLE_MODULES = YES;
				CLANG_ENABLE_OBJC_ARC = YES;
				CLANG_WARN_BOOL_CONVERSION = YES;
				CLANG_WARN_CONSTANT_CONVERSION = YES;
				CLANG_WARN_DIRECT_OBJC_ISA_USAGE = YES_ERROR;
				CLANG_WARN_DOCUMENTATION_COMMENTS = YES;
				CLANG_WARN_EMPTY_BODY = YES;
				CLANG_WARN_ENUM_CONVERSION = YES;
				CLANG_WARN_INFINITE_RECURSION = YES;
				CLANG_WARN_INT_CONVERSION = YES;
				CLANG_WARN_OBJC_ROOT_CLASS = YES_ERROR;
				CLANG_WARN_SUSPICIOUS_MOVES = YES;
				CLANG_WARN_UNREACHABLE_CODE = YES;
				CLANG_WARN__DUPLICATE_METHOD_MATCH = YES;
				"CODE_SIGN_IDENTITY[sdk=iphoneos*]" = "iPhone Developer";
				COPY_PHASE_STRIP = NO;
				DEBUG_INFORMATION_FORMAT = "dwarf-with-dsym";
				ENABLE_NS_ASSERTIONS = NO;
				ENABLE_STRICT_OBJC_MSGSEND = YES;
				GCC_C_LANGUAGE_STANDARD = gnu99;
				GCC_NO_COMMON_BLOCKS = YES;
				GCC_WARN_64_TO_32_BIT_CONVERSION = YES;
				GCC_WARN_ABOUT_RETURN_TYPE = YES_ERROR;
				GCC_WARN_UNDECLARED_SELECTOR = YES;
				GCC_WARN_UNINITIALIZED_AUTOS = YES_AGGRESSIVE;
				GCC_WARN_UNUSED_FUNCTION = YES;
				GCC_WARN_UNUSED_VARIABLE = YES;
				IPHONEOS_DEPLOYMENT_TARGET = 10.1;
				MTL_ENABLE_DEBUG_INFO = NO;
				SDKROOT = iphoneos;
				SWIFT_OPTIMIZATION_LEVEL = "-Owholemodule";
				VALIDATE_PRODUCT = YES;
			};
			name = Release;
		};
		3A286CC61DF15078002CEEE8 /* Debug */ = {
			isa = XCBuildConfiguration;
			buildSettings = {
				ASSETCATALOG_COMPILER_APPICON_NAME = AppIcon;
				DEVELOPMENT_TEAM = KEXH7L5L4Z;
				INFOPLIST_FILE = MingLive/Info.plist;
				LD_RUNPATH_SEARCH_PATHS = "$(inherited) @executable_path/Frameworks";
				PRODUCT_BUNDLE_IDENTIFIER = com.gamegs.MingLive;
				PRODUCT_NAME = "$(TARGET_NAME)";
				SWIFT_VERSION = 3.0;
			};
			name = Debug;
		};
		3A286CC71DF15078002CEEE8 /* Release */ = {
			isa = XCBuildConfiguration;
			buildSettings = {
				ASSETCATALOG_COMPILER_APPICON_NAME = AppIcon;
				DEVELOPMENT_TEAM = KEXH7L5L4Z;
				INFOPLIST_FILE = MingLive/Info.plist;
				LD_RUNPATH_SEARCH_PATHS = "$(inherited) @executable_path/Frameworks";
				PRODUCT_BUNDLE_IDENTIFIER = com.gamegs.MingLive;
				PRODUCT_NAME = "$(TARGET_NAME)";
				SWIFT_VERSION = 3.0;
			};
			name = Release;
		};
/* End XCBuildConfiguration section */

/* Begin XCConfigurationList section */
		3A286CAE1DF15077002CEEE8 /* Build configuration list for PBXProject "MingLive" */ = {
			isa = XCConfigurationList;
			buildConfigurations = (
				3A286CC31DF15078002CEEE8 /* Debug */,
				3A286CC41DF15078002CEEE8 /* Release */,
			);
			defaultConfigurationIsVisible = 0;
			defaultConfigurationName = Release;
		};
		3A286CC51DF15078002CEEE8 /* Build configuration list for PBXNativeTarget "MingLive" */ = {
			isa = XCConfigurationList;
			buildConfigurations = (
				3A286CC61DF15078002CEEE8 /* Debug */,
				3A286CC71DF15078002CEEE8 /* Release */,
			);
			defaultConfigurationIsVisible = 0;
		};
/* End XCConfigurationList section */
	};
	rootObject = 3A286CAB1DF15077002CEEE8 /* Project object */;
}
